
Microsoft Visual Studio Solution File, Format Version 12.00
# Visual Studio Version 16
VisualStudioVersion = 16.0.31515.178
MinimumVisualStudioVersion = 10.0.40219.1
Project("{FAE04EC0-301F-11D3-BF4B-00C04F79EFBC}") = "AccountingNote.DBSource", "AccountingNote.DBSource\AccountingNote.DBSource.csproj", "{C67DD713-C9CE-4937-BCE8-863C159DCBF3}"
EndProject
Project("{FAE04EC0-301F-11D3-BF4B-00C04F79EFBC}") = "AccountingNote", "AccountingNote\AccountingNote.csproj", "{1D320E44-593E-4C4D-8253-328F8C682D76}"
EndProject
Global
	GlobalSection(SolutionConfigurationPlatforms) = preSolution
		Debug|Any CPU = Debug|Any CPU
		Release|Any CPU = Release|Any CPU
	EndGlobalSection
	GlobalSection(ProjectConfigurationPlatforms) = postSolution
		{C67DD713-C9CE-4937-BCE8-863C159DCBF3}.Debug|Any CPU.ActiveCfg = Debug|Any CPU
		{C67DD713-C9CE-4937-BCE8-863C159DCBF3}.Debug|Any CPU.Build.0 = Debug|Any CPU
		{C67DD713-C9CE-4937-BCE8-863C159DCBF3}.Release|Any CPU.ActiveCfg = Release|Any CPU
		{C67DD713-C9CE-4937-BCE8-863C159DCBF3}.Release|Any CPU.Build.0 = Release|Any CPU
		{1D320E44-593E-4C4D-8253-328F8C682D76}.Debug|Any CPU.ActiveCfg = Debug|Any CPU
		{1D320E44-593E-4C4D-8253-328F8C682D76}.Debug|Any CPU.Build.0 = Debug|Any CPU
		{1D320E44-593E-4C4D-8253-328F8C682D76}.Release|Any CPU.ActiveCfg = Release|Any CPU
		{1D320E44-593E-4C4D-8253-328F8C682D76}.Release|Any CPU.Build.0 = Release|Any CPU
	EndGlobalSection
	GlobalSection(SolutionProperties) = preSolution
		HideSolutionNode = FALSE
	EndGlobalSection
	GlobalSection(ExtensibilityGlobals) = postSolution
		SolutionGuid = {8CBBCC25-CB41-4D98-980F-2A45AF4AB6DD}
	EndGlobalSection
EndGlobal
